
Microsoft Visual Studio Solution File, Format Version 12.00
# Visual Studio Version 17
VisualStudioVersion = 17.9.34616.47
MinimumVisualStudioVersion = 10.0.40219.1
Project("{8BC9CEB8-8B4A-11D0-8D11-00A0C91BC942}") = "PemDas_Relasi", "PemDas_Relasi\PemDas_Relasi.vcxproj", "{798C344D-15A8-49D3-8C58-3AE368F61938}"
EndProject
Project("{8BC9CEB8-8B4A-11D0-8D11-00A0C91BC942}") = "memberList", "memberList\memberList.vcxproj", "{E6BE238A-57E5-4A29-9251-E96E29A6D155}"
EndProject
Project("{8BC9CEB8-8B4A-11D0-8D11-00A0C91BC942}") = "aggregation", "aggregation\aggregation.vcxproj", "{5D8225D7-DC2B-480A-AD51-37F7BB35C50B}"
EndProject
Global
	GlobalSection(SolutionConfigurationPlatforms) = preSolution
		Debug|x64 = Debug|x64
		Debug|x86 = Debug|x86
		Release|x64 = Release|x64
		Release|x86 = Release|x86
	EndGlobalSection
	GlobalSection(ProjectConfigurationPlatforms) = postSolution
		{798C344D-15A8-49D3-8C58-3AE368F61938}.Debug|x64.ActiveCfg = Debug|x64
		{798C344D-15A8-49D3-8C58-3AE368F61938}.Debug|x64.Build.0 = Debug|x64
		{798C344D-15A8-49D3-8C58-3AE368F61938}.Debug|x86.ActiveCfg = Debug|Win32
		{798C344D-15A8-49D3-8C58-3AE368F61938}.Debug|x86.Build.0 = Debug|Win32
		{798C344D-15A8-49D3-8C58-3AE368F61938}.Release|x64.ActiveCfg = Release|x64
		{798C344D-15A8-49D3-8C58-3AE368F61938}.Release|x64.Build.0 = Release|x64
		{798C344D-15A8-49D3-8C58-3AE368F61938}.Release|x86.ActiveCfg = Release|Win32
		{798C344D-15A8-49D3-8C58-3AE368F61938}.Release|x86.Build.0 = Release|Win32
		{E6BE238A-57E5-4A29-9251-E96E29A6D155}.Debug|x64.ActiveCfg = Debug|x64
		{E6BE238A-57E5-4A29-9251-E96E29A6D155}.Debug|x64.Build.0 = Debug|x64
		{E6BE238A-57E5-4A29-9251-E96E29A6D155}.Debug|x86.ActiveCfg = Debug|Win32
		{E6BE238A-57E5-4A29-9251-E96E29A6D155}.Debug|x86.Build.0 = Debug|Win32
		{E6BE238A-57E5-4A29-9251-E96E29A6D155}.Release|x64.ActiveCfg = Release|x64
		{E6BE238A-57E5-4A29-9251-E96E29A6D155}.Release|x64.Build.0 = Release|x64
		{E6BE238A-57E5-4A29-9251-E96E29A6D155}.Release|x86.ActiveCfg = Release|Win32
		{E6BE238A-57E5-4A29-9251-E96E29A6D155}.Release|x86.Build.0 = Release|Win32
		{5D8225D7-DC2B-480A-AD51-37F7BB35C50B}.Debug|x64.ActiveCfg = Debug|x64
		{5D8225D7-DC2B-480A-AD51-37F7BB35C50B}.Debug|x64.Build.0 = Debug|x64
		{5D8225D7-DC2B-480A-AD51-37F7BB35C50B}.Debug|x86.ActiveCfg = Debug|Win32
		{5D8225D7-DC2B-480A-AD51-37F7BB35C50B}.Debug|x86.Build.0 = Debug|Win32
		{5D8225D7-DC2B-480A-AD51-37F7BB35C50B}.Release|x64.ActiveCfg = Release|x64
		{5D8225D7-DC2B-480A-AD51-37F7BB35C50B}.Release|x64.Build.0 = Release|x64
		{5D8225D7-DC2B-480A-AD51-37F7BB35C50B}.Release|x86.ActiveCfg = Release|Win32
		{5D8225D7-DC2B-480A-AD51-37F7BB35C50B}.Release|x86.Build.0 = Release|Win32
	EndGlobalSection
	GlobalSection(SolutionProperties) = preSolution
		HideSolutionNode = FALSE
	EndGlobalSection
	GlobalSection(ExtensibilityGlobals) = postSolution
		SolutionGuid = {9C85C352-0D3C-4C81-A1BE-3BC6E61F7031}
	EndGlobalSection
EndGlobal
